// !$*UTF8*$!
{
	archiveVersion = 1;
	classes = {
	};
	objectVersion = 46;
	objects = {

/* Begin PBXBuildFile section */
		C9AC9ED7134E7B200089CAB4 /* main.c in Sources */ = {isa = PBXBuildFile; fileRef = C9AC9ED6134E7B200089CAB4 /* main.c */; };
		C9AC9EE0134E7B8D0089CAB4 /* instructions.c in Sources */ = {isa = PBXBuildFile; fileRef = C9AC9EDE134E7B8D0089CAB4 /* instructions.c */; };
		C9AC9EE3134E7BA60089CAB4 /* vm.c in Sources */ = {isa = PBXBuildFile; fileRef = C9AC9EE1134E7BA60089CAB4 /* vm.c */; };
		C9AC9EE6134E7BB90089CAB4 /* system.c in Sources */ = {isa = PBXBuildFile; fileRef = C9AC9EE4134E7BB90089CAB4 /* system.c */; };
/* End PBXBuildFile section */

/* Begin PBXCopyFilesBuildPhase section */
		C9AC9ED0134E7B200089CAB4 /* CopyFiles */ = {
			isa = PBXCopyFilesBuildPhase;
			buildActionMask = 2147483647;
			dstPath = /usr/share/man/man1/;
			dstSubfolderSpec = 0;
			files = (
			);
			runOnlyForDeploymentPostprocessing = 1;
		};
/* End PBXCopyFilesBuildPhase section */

/* Begin PBXFileReference section */
		C9AC9ED2134E7B200089CAB4 /* mbvm */ = {isa = PBXFileReference; explicitFileType = "compiled.mach-o.executable"; includeInIndex = 0; path = mbvm; sourceTree = BUILT_PRODUCTS_DIR; };
		C9AC9ED6134E7B200089CAB4 /* main.c */ = {isa = PBXFileReference; lastKnownFileType = sourcecode.c.c; path = main.c; sourceTree = "<group>"; };
		C9AC9ED8134E7B200089CAB4 /* mbvm.1 */ = {isa = PBXFileReference; lastKnownFileType = text.man; path = mbvm.1; sourceTree = "<group>"; };
		C9AC9EDE134E7B8D0089CAB4 /* instructions.c */ = {isa = PBXFileReference; fileEncoding = 4; lastKnownFileType = sourcecode.c.c; path = instructions.c; sourceTree = "<group>"; };
		C9AC9EDF134E7B8D0089CAB4 /* instructions.h */ = {isa = PBXFileReference; fileEncoding = 4; lastKnownFileType = sourcecode.c.h; path = instructions.h; sourceTree = "<group>"; };
		C9AC9EE1134E7BA60089CAB4 /* vm.c */ = {isa = PBXFileReference; fileEncoding = 4; lastKnownFileType = sourcecode.c.c; path = vm.c; sourceTree = "<group>"; };
		C9AC9EE2134E7BA60089CAB4 /* vm.h */ = {isa = PBXFileReference; fileEncoding = 4; lastKnownFileType = sourcecode.c.h; path = vm.h; sourceTree = "<group>"; };
		C9AC9EE4134E7BB90089CAB4 /* system.c */ = {isa = PBXFileReference; fileEncoding = 4; lastKnownFileType = sourcecode.c.c; path = system.c; sourceTree = "<group>"; };
		C9AC9EE5134E7BB90089CAB4 /* system.h */ = {isa = PBXFileReference; fileEncoding = 4; lastKnownFileType = sourcecode.c.h; path = system.h; sourceTree = "<group>"; };
		C9AC9EE7134E7C0C0089CAB4 /* LICENSE */ = {isa = PBXFileReference; fileEncoding = 4; lastKnownFileType = text; name = LICENSE; path = mbvm/LICENSE; sourceTree = "<group>"; };
		C9AC9EE8134E7C180089CAB4 /* README.md */ = {isa = PBXFileReference; fileEncoding = 4; lastKnownFileType = text; name = README.md; path = mbvm/README.md; sourceTree = "<group>"; };
		C9AC9EE9134E7CF80089CAB4 /* .gitignore */ = {isa = PBXFileReference; fileEncoding = 4; lastKnownFileType = text; path = .gitignore; sourceTree = "<group>"; };
/* End PBXFileReference section */

/* Begin PBXFrameworksBuildPhase section */
		C9AC9ECF134E7B200089CAB4 /* Frameworks */ = {
			isa = PBXFrameworksBuildPhase;
			buildActionMask = 2147483647;
			files = (
			);
			runOnlyForDeploymentPostprocessing = 0;
		};
/* End PBXFrameworksBuildPhase section */

/* Begin PBXGroup section */
		C9AC9EC7134E7B200089CAB4 = {
			isa = PBXGroup;
			children = (
				C9AC9EE7134E7C0C0089CAB4 /* LICENSE */,
				C9AC9EE8134E7C180089CAB4 /* README.md */,
				C9AC9EE9134E7CF80089CAB4 /* .gitignore */,
				C9AC9ED5134E7B200089CAB4 /* mbvm */,
				C9AC9ED3134E7B200089CAB4 /* Products */,
			);
			sourceTree = "<group>";
		};
		C9AC9ED3134E7B200089CAB4 /* Products */ = {
			isa = PBXGroup;
			children = (
				C9AC9ED2134E7B200089CAB4 /* mbvm */,
			);
			name = Products;
			sourceTree = "<group>";
		};
		C9AC9ED5134E7B200089CAB4 /* mbvm */ = {
			isa = PBXGroup;
			children = (
				C9AC9ED6134E7B200089CAB4 /* main.c */,
				C9AC9ED8134E7B200089CAB4 /* mbvm.1 */,
				C9AC9EDE134E7B8D0089CAB4 /* instructions.c */,
				C9AC9EDF134E7B8D0089CAB4 /* instructions.h */,
				C9AC9EE1134E7BA60089CAB4 /* vm.c */,
				C9AC9EE2134E7BA60089CAB4 /* vm.h */,
				C9AC9EE4134E7BB90089CAB4 /* system.c */,
				C9AC9EE5134E7BB90089CAB4 /* system.h */,
			);
			path = mbvm;
			sourceTree = "<group>";
		};
/* End PBXGroup section */

/* Begin PBXNativeTarget section */
		C9AC9ED1134E7B200089CAB4 /* mbvm */ = {
			isa = PBXNativeTarget;
			buildConfigurationList = C9AC9EDB134E7B200089CAB4 /* Build configuration list for PBXNativeTarget "mbvm" */;
			buildPhases = (
				C9AC9ECE134E7B200089CAB4 /* Sources */,
				C9AC9ECF134E7B200089CAB4 /* Frameworks */,
				C9AC9ED0134E7B200089CAB4 /* CopyFiles */,
			);
			buildRules = (
			);
			dependencies = (
			);
			name = mbvm;
			productName = mbvm;
			productReference = C9AC9ED2134E7B200089CAB4 /* mbvm */;
			productType = "com.apple.product-type.tool";
		};
/* End PBXNativeTarget section */

/* Begin PBXProject section */
		C9AC9EC9134E7B200089CAB4 /* Project object */ = {
			isa = PBXProject;
			attributes = {
				ORGANIZATIONNAME = Megabit;
			};
			buildConfigurationList = C9AC9ECC134E7B200089CAB4 /* Build configuration list for PBXProject "mbvm" */;
			compatibilityVersion = "Xcode 3.2";
			developmentRegion = English;
			hasScannedForEncodings = 0;
			knownRegions = (
				en,
			);
			mainGroup = C9AC9EC7134E7B200089CAB4;
			productRefGroup = C9AC9ED3134E7B200089CAB4 /* Products */;
			projectDirPath = "";
			projectRoot = "";
			targets = (
				C9AC9ED1134E7B200089CAB4 /* mbvm */,
			);
		};
/* End PBXProject section */

/* Begin PBXSourcesBuildPhase section */
		C9AC9ECE134E7B200089CAB4 /* Sources */ = {
			isa = PBXSourcesBuildPhase;
			buildActionMask = 2147483647;
			files = (
				C9AC9ED7134E7B200089CAB4 /* main.c in Sources */,
				C9AC9EE0134E7B8D0089CAB4 /* instructions.c in Sources */,
				C9AC9EE3134E7BA60089CAB4 /* vm.c in Sources */,
				C9AC9EE6134E7BB90089CAB4 /* system.c in Sources */,
			);
			runOnlyForDeploymentPostprocessing = 0;
		};
/* End PBXSourcesBuildPhase section */

/* Begin XCBuildConfiguration section */
		C9AC9ED9134E7B200089CAB4 /* Debug */ = {
			isa = XCBuildConfiguration;
			buildSettings = {
				ARCHS = "$(ARCHS_STANDARD_32_64_BIT)";
				GCC_C_LANGUAGE_STANDARD = gnu99;
				GCC_OPTIMIZATION_LEVEL = 0;
				GCC_PREPROCESSOR_DEFINITIONS = DEBUG;
				GCC_SYMBOLS_PRIVATE_EXTERN = NO;
				GCC_VERSION = com.apple.compilers.llvm.clang.1_0;
				GCC_WARN_64_TO_32_BIT_CONVERSION = YES;
				GCC_WARN_ABOUT_RETURN_TYPE = YES;
				GCC_WARN_UNUSED_VARIABLE = YES;
				MACOSX_DEPLOYMENT_TARGET = 10.6;
				ONLY_ACTIVE_ARCH = YES;
				SDKROOT = macosx;
			};
			name = Debug;
		};
		C9AC9EDA134E7B200089CAB4 /* Release */ = {
			isa = XCBuildConfiguration;
			buildSettings = {
				ARCHS = "$(ARCHS_STANDARD_32_64_BIT)";
				GCC_C_LANGUAGE_STANDARD = gnu99;
				GCC_VERSION = com.apple.compilers.llvm.clang.1_0;
				GCC_WARN_64_TO_32_BIT_CONVERSION = YES;
				GCC_WARN_ABOUT_RETURN_TYPE = YES;
				GCC_WARN_UNUSED_VARIABLE = YES;
				MACOSX_DEPLOYMENT_TARGET = 10.6;
				SDKROOT = macosx;
			};
			name = Release;
		};
		C9AC9EDC134E7B200089CAB4 /* Debug */ = {
			isa = XCBuildConfiguration;
			buildSettings = {
				ALWAYS_SEARCH_USER_PATHS = NO;
				COPY_PHASE_STRIP = NO;
				GCC_DYNAMIC_NO_PIC = NO;
				GCC_ENABLE_OBJC_EXCEPTIONS = YES;
				PRODUCT_NAME = "$(TARGET_NAME)";
			};
			name = Debug;
		};
		C9AC9EDD134E7B200089CAB4 /* Release */ = {
			isa = XCBuildConfiguration;
			buildSettings = {
				ALWAYS_SEARCH_USER_PATHS = NO;
				COPY_PHASE_STRIP = YES;
				DEBUG_INFORMATION_FORMAT = "dwarf-with-dsym";
				GCC_ENABLE_OBJC_EXCEPTIONS = YES;
				PRODUCT_NAME = "$(TARGET_NAME)";
			};
			name = Release;
		};
/* End XCBuildConfiguration section */

/* Begin XCConfigurationList section */
		C9AC9ECC134E7B200089CAB4 /* Build configuration list for PBXProject "mbvm" */ = {
			isa = XCConfigurationList;
			buildConfigurations = (
				C9AC9ED9134E7B200089CAB4 /* Debug */,
				C9AC9EDA134E7B200089CAB4 /* Release */,
			);
			defaultConfigurationIsVisible = 0;
			defaultConfigurationName = Release;
		};
		C9AC9EDB134E7B200089CAB4 /* Build configuration list for PBXNativeTarget "mbvm" */ = {
			isa = XCConfigurationList;
			buildConfigurations = (
				C9AC9EDC134E7B200089CAB4 /* Debug */,
				C9AC9EDD134E7B200089CAB4 /* Release */,
			);
			defaultConfigurationIsVisible = 0;
		};
/* End XCConfigurationList section */
	};
	rootObject = C9AC9EC9134E7B200089CAB4 /* Project object */;
}
