// !$*UTF8*$!
{
	archiveVersion = 1;
	classes = {
	};
	objectVersion = 46;
	objects = {

/* Begin PBXBuildFile section */
		C9CF760313522231003F7144 /* main.c in Sources */ = {isa = PBXBuildFile; fileRef = C9CF760213522231003F7144 /* main.c */; };
/* End PBXBuildFile section */

/* Begin PBXCopyFilesBuildPhase section */
		C9CF75FC13522231003F7144 /* CopyFiles */ = {
			isa = PBXCopyFilesBuildPhase;
			buildActionMask = 2147483647;
			dstPath = /usr/share/man/man1/;
			dstSubfolderSpec = 0;
			files = (
			);
			runOnlyForDeploymentPostprocessing = 1;
		};
/* End PBXCopyFilesBuildPhase section */

/* Begin PBXFileReference section */
		C9CF75FE13522231003F7144 /* mbasm */ = {isa = PBXFileReference; explicitFileType = "compiled.mach-o.executable"; includeInIndex = 0; path = mbasm; sourceTree = BUILT_PRODUCTS_DIR; };
		C9CF760213522231003F7144 /* main.c */ = {isa = PBXFileReference; lastKnownFileType = sourcecode.c.c; path = main.c; sourceTree = "<group>"; };
		C9CF760413522231003F7144 /* mbasm.1 */ = {isa = PBXFileReference; lastKnownFileType = text.man; path = mbasm.1; sourceTree = "<group>"; };
/* End PBXFileReference section */

/* Begin PBXFrameworksBuildPhase section */
		C9CF75FB13522231003F7144 /* Frameworks */ = {
			isa = PBXFrameworksBuildPhase;
			buildActionMask = 2147483647;
			files = (
			);
			runOnlyForDeploymentPostprocessing = 0;
		};
/* End PBXFrameworksBuildPhase section */

/* Begin PBXGroup section */
		C9CF75F313522231003F7144 = {
			isa = PBXGroup;
			children = (
				C9CF760113522231003F7144 /* mbasm */,
				C9CF75FF13522231003F7144 /* Products */,
			);
			sourceTree = "<group>";
		};
		C9CF75FF13522231003F7144 /* Products */ = {
			isa = PBXGroup;
			children = (
				C9CF75FE13522231003F7144 /* mbasm */,
			);
			name = Products;
			sourceTree = "<group>";
		};
		C9CF760113522231003F7144 /* mbasm */ = {
			isa = PBXGroup;
			children = (
				C9CF760213522231003F7144 /* main.c */,
				C9CF760413522231003F7144 /* mbasm.1 */,
			);
			path = mbasm;
			sourceTree = "<group>";
		};
/* End PBXGroup section */

/* Begin PBXNativeTarget section */
		C9CF75FD13522231003F7144 /* mbasm */ = {
			isa = PBXNativeTarget;
			buildConfigurationList = C9CF760713522231003F7144 /* Build configuration list for PBXNativeTarget "mbasm" */;
			buildPhases = (
				C9CF75FA13522231003F7144 /* Sources */,
				C9CF75FB13522231003F7144 /* Frameworks */,
				C9CF75FC13522231003F7144 /* CopyFiles */,
			);
			buildRules = (
			);
			dependencies = (
			);
			name = mbasm;
			productName = mbasm;
			productReference = C9CF75FE13522231003F7144 /* mbasm */;
			productType = "com.apple.product-type.tool";
		};
/* End PBXNativeTarget section */

/* Begin PBXProject section */
		C9CF75F513522231003F7144 /* Project object */ = {
			isa = PBXProject;
			attributes = {
				ORGANIZATIONNAME = Megabit;
			};
			buildConfigurationList = C9CF75F813522231003F7144 /* Build configuration list for PBXProject "mbasm" */;
			compatibilityVersion = "Xcode 3.2";
			developmentRegion = English;
			hasScannedForEncodings = 0;
			knownRegions = (
				en,
			);
			mainGroup = C9CF75F313522231003F7144;
			productRefGroup = C9CF75FF13522231003F7144 /* Products */;
			projectDirPath = "";
			projectRoot = "";
			targets = (
				C9CF75FD13522231003F7144 /* mbasm */,
			);
		};
/* End PBXProject section */

/* Begin PBXSourcesBuildPhase section */
		C9CF75FA13522231003F7144 /* Sources */ = {
			isa = PBXSourcesBuildPhase;
			buildActionMask = 2147483647;
			files = (
				C9CF760313522231003F7144 /* main.c in Sources */,
			);
			runOnlyForDeploymentPostprocessing = 0;
		};
/* End PBXSourcesBuildPhase section */

/* Begin XCBuildConfiguration section */
		C9CF760513522231003F7144 /* Debug */ = {
			isa = XCBuildConfiguration;
			buildSettings = {
				ARCHS = "$(ARCHS_STANDARD_32_64_BIT)";
				GCC_C_LANGUAGE_STANDARD = gnu99;
				GCC_OPTIMIZATION_LEVEL = 0;
				GCC_PREPROCESSOR_DEFINITIONS = DEBUG;
				GCC_SYMBOLS_PRIVATE_EXTERN = NO;
				GCC_VERSION = com.apple.compilers.llvm.clang.1_0;
				GCC_WARN_64_TO_32_BIT_CONVERSION = YES;
				GCC_WARN_ABOUT_RETURN_TYPE = YES;
				GCC_WARN_UNUSED_VARIABLE = YES;
				MACOSX_DEPLOYMENT_TARGET = 10.6;
				ONLY_ACTIVE_ARCH = YES;
				SDKROOT = macosx;
			};
			name = Debug;
		};
		C9CF760613522231003F7144 /* Release */ = {
			isa = XCBuildConfiguration;
			buildSettings = {
				ARCHS = "$(ARCHS_STANDARD_32_64_BIT)";
				GCC_C_LANGUAGE_STANDARD = gnu99;
				GCC_VERSION = com.apple.compilers.llvm.clang.1_0;
				GCC_WARN_64_TO_32_BIT_CONVERSION = YES;
				GCC_WARN_ABOUT_RETURN_TYPE = YES;
				GCC_WARN_UNUSED_VARIABLE = YES;
				MACOSX_DEPLOYMENT_TARGET = 10.6;
				SDKROOT = macosx;
			};
			name = Release;
		};
		C9CF760813522231003F7144 /* Debug */ = {
			isa = XCBuildConfiguration;
			buildSettings = {
				ALWAYS_SEARCH_USER_PATHS = NO;
				COPY_PHASE_STRIP = NO;
				GCC_DYNAMIC_NO_PIC = NO;
				GCC_ENABLE_OBJC_EXCEPTIONS = YES;
				PRODUCT_NAME = "$(TARGET_NAME)";
			};
			name = Debug;
		};
		C9CF760913522231003F7144 /* Release */ = {
			isa = XCBuildConfiguration;
			buildSettings = {
				ALWAYS_SEARCH_USER_PATHS = NO;
				COPY_PHASE_STRIP = YES;
				DEBUG_INFORMATION_FORMAT = "dwarf-with-dsym";
				GCC_ENABLE_OBJC_EXCEPTIONS = YES;
				PRODUCT_NAME = "$(TARGET_NAME)";
			};
			name = Release;
		};
/* End XCBuildConfiguration section */

/* Begin XCConfigurationList section */
		C9CF75F813522231003F7144 /* Build configuration list for PBXProject "mbasm" */ = {
			isa = XCConfigurationList;
			buildConfigurations = (
				C9CF760513522231003F7144 /* Debug */,
				C9CF760613522231003F7144 /* Release */,
			);
			defaultConfigurationIsVisible = 0;
			defaultConfigurationName = Release;
		};
		C9CF760713522231003F7144 /* Build configuration list for PBXNativeTarget "mbasm" */ = {
			isa = XCConfigurationList;
			buildConfigurations = (
				C9CF760813522231003F7144 /* Debug */,
				C9CF760913522231003F7144 /* Release */,
			);
			defaultConfigurationIsVisible = 0;
		};
/* End XCConfigurationList section */
	};
	rootObject = C9CF75F513522231003F7144 /* Project object */;
}
